
Microsoft Visual Studio Solution File, Format Version 12.00
# Visual Studio Version 16
VisualStudioVersion = 16.0.32106.194
MinimumVisualStudioVersion = 10.0.40219.1
Project("{FAE04EC0-301F-11D3-BF4B-00C04F79EFBC}") = "dnsclient", "dnsclient\dnsclient.csproj", "{1BE92937-490B-440A-95CE-A2CA30DC18F0}"
EndProject
Project("{FAE04EC0-301F-11D3-BF4B-00C04F79EFBC}") = "dnsclientTests", "dnsclientTests\dnsclientTests.csproj", "{761B9495-C49A-438A-9C11-74185A714F2C}"
EndProject
Global
	GlobalSection(SolutionConfigurationPlatforms) = preSolution
		Debug|Any CPU = Debug|Any CPU
		Release|Any CPU = Release|Any CPU
	EndGlobalSection
	GlobalSection(ProjectConfigurationPlatforms) = postSolution
		{1BE92937-490B-440A-95CE-A2CA30DC18F0}.Debug|Any CPU.ActiveCfg = Debug|Any CPU
		{1BE92937-490B-440A-95CE-A2CA30DC18F0}.Debug|Any CPU.Build.0 = Debug|Any CPU
		{1BE92937-490B-440A-95CE-A2CA30DC18F0}.Release|Any CPU.ActiveCfg = Release|Any CPU
		{1BE92937-490B-440A-95CE-A2CA30DC18F0}.Release|Any CPU.Build.0 = Release|Any CPU
		{761B9495-C49A-438A-9C11-74185A714F2C}.Debug|Any CPU.ActiveCfg = Debug|Any CPU
		{761B9495-C49A-438A-9C11-74185A714F2C}.Debug|Any CPU.Build.0 = Debug|Any CPU
		{761B9495-C49A-438A-9C11-74185A714F2C}.Release|Any CPU.ActiveCfg = Release|Any CPU
		{761B9495-C49A-438A-9C11-74185A714F2C}.Release|Any CPU.Build.0 = Release|Any CPU
	EndGlobalSection
	GlobalSection(SolutionProperties) = preSolution
		HideSolutionNode = FALSE
	EndGlobalSection
	GlobalSection(ExtensibilityGlobals) = postSolution
		SolutionGuid = {B2D67DAA-20F8-4F5C-927B-DCD10072CFE5}
	EndGlobalSection
EndGlobal
